Microsoft Visual Studio Solution File, Format Version 12.00
# Visual Studio 2013
Project("{8BC9CEB8-8B4A-11D0-8D11-00A0C91BC942}") = "ALL_BUILD", "ALL_BUILD.vcxproj", "{4C81F71C-2948-3C24-9042-0893C5DA6A5F}"
	ProjectSection(ProjectDependencies) = postProject
		{F8531619-EDB7-328F-B192-E55496BCD19F} = {F8531619-EDB7-328F-B192-E55496BCD19F}
		{45C7AF3D-8125-369E-B14D-F631732CFED9} = {45C7AF3D-8125-369E-B14D-F631732CFED9}
		{95E60343-5FD8-3EA1-AE97-106EFEAE3B26} = {95E60343-5FD8-3EA1-AE97-106EFEAE3B26}
		{C9E1E361-9B3F-3C98-9796-09AE27B01800} = {C9E1E361-9B3F-3C98-9796-09AE27B01800}
		{B243CF89-6E8E-39AD-9FD2-5A43DF4CCE9C} = {B243CF89-6E8E-39AD-9FD2-5A43DF4CCE9C}
		{A83274B7-AFFF-3656-BD1E-655DCC03F3C8} = {A83274B7-AFFF-3656-BD1E-655DCC03F3C8}
		{F9A30905-0E13-338E-A798-E63D4B25D746} = {F9A30905-0E13-338E-A798-E63D4B25D746}
		{6B3B52DB-D3AB-323A-8BD3-A295B31644E1} = {6B3B52DB-D3AB-323A-8BD3-A295B31644E1}
		{9AC5490D-2457-3298-880D-23EEBE79EB93} = {9AC5490D-2457-3298-880D-23EEBE79EB93}
		{2CFF5028-A9D0-3B00-BA13-60ACF2804B3F} = {2CFF5028-A9D0-3B00-BA13-60ACF2804B3F}
		{9FA1345A-FF7D-308F-A37E-9981C7B7F1F2} = {9FA1345A-FF7D-308F-A37E-9981C7B7F1F2}
		{1FC50AF6-F7C9-3216-B3D8-289E44D9005D} = {1FC50AF6-F7C9-3216-B3D8-289E44D9005D}
	EndProjectSection
EndProject
Project("{8BC9CEB8-8B4A-11D0-8D11-00A0C91BC942}") = "INSTALL", "INSTALL.vcxproj", "{09165BDB-71F4-3718-BB95-6F65B27C175C}"
	ProjectSection(ProjectDependencies) = postProject
		{4C81F71C-2948-3C24-9042-0893C5DA6A5F} = {4C81F71C-2948-3C24-9042-0893C5DA6A5F}
		{F8531619-EDB7-328F-B192-E55496BCD19F} = {F8531619-EDB7-328F-B192-E55496BCD19F}
	EndProjectSection
EndProject
Project("{8BC9CEB8-8B4A-11D0-8D11-00A0C91BC942}") = "ZERO_CHECK", "ZERO_CHECK.vcxproj", "{F8531619-EDB7-328F-B192-E55496BCD19F}"
	ProjectSection(ProjectDependencies) = postProject
	EndProjectSection
EndProject
Project("{8BC9CEB8-8B4A-11D0-8D11-00A0C91BC942}") = "check", "check.vcxproj", "{31B772C9-BCC7-3934-A7E8-D685A1E969BC}"
	ProjectSection(ProjectDependencies) = postProject
		{F8531619-EDB7-328F-B192-E55496BCD19F} = {F8531619-EDB7-328F-B192-E55496BCD19F}
		{9FA1345A-FF7D-308F-A37E-9981C7B7F1F2} = {9FA1345A-FF7D-308F-A37E-9981C7B7F1F2}
		{1FC50AF6-F7C9-3216-B3D8-289E44D9005D} = {1FC50AF6-F7C9-3216-B3D8-289E44D9005D}
	EndProjectSection
EndProject
Project("{8BC9CEB8-8B4A-11D0-8D11-00A0C91BC942}") = "gmock", "gmock.vcxproj", "{45C7AF3D-8125-369E-B14D-F631732CFED9}"
	ProjectSection(ProjectDependencies) = postProject
		{F8531619-EDB7-328F-B192-E55496BCD19F} = {F8531619-EDB7-328F-B192-E55496BCD19F}
	EndProjectSection
EndProject
Project("{8BC9CEB8-8B4A-11D0-8D11-00A0C91BC942}") = "gmock_main", "gmock_main.vcxproj", "{95E60343-5FD8-3EA1-AE97-106EFEAE3B26}"
	ProjectSection(ProjectDependencies) = postProject
		{F8531619-EDB7-328F-B192-E55496BCD19F} = {F8531619-EDB7-328F-B192-E55496BCD19F}
		{45C7AF3D-8125-369E-B14D-F631732CFED9} = {45C7AF3D-8125-369E-B14D-F631732CFED9}
	EndProjectSection
EndProject
Project("{8BC9CEB8-8B4A-11D0-8D11-00A0C91BC942}") = "js_embed", "js_embed.vcxproj", "{C9E1E361-9B3F-3C98-9796-09AE27B01800}"
	ProjectSection(ProjectDependencies) = postProject
		{F8531619-EDB7-328F-B192-E55496BCD19F} = {F8531619-EDB7-328F-B192-E55496BCD19F}
	EndProjectSection
EndProject
Project("{8BC9CEB8-8B4A-11D0-8D11-00A0C91BC942}") = "libprotobuf", "libprotobuf.vcxproj", "{B243CF89-6E8E-39AD-9FD2-5A43DF4CCE9C}"
	ProjectSection(ProjectDependencies) = postProject
		{F8531619-EDB7-328F-B192-E55496BCD19F} = {F8531619-EDB7-328F-B192-E55496BCD19F}
	EndProjectSection
EndProject
Project("{8BC9CEB8-8B4A-11D0-8D11-00A0C91BC942}") = "libprotobuf-lite", "libprotobuf-lite.vcxproj", "{A83274B7-AFFF-3656-BD1E-655DCC03F3C8}"
	ProjectSection(ProjectDependencies) = postProject
		{F8531619-EDB7-328F-B192-E55496BCD19F} = {F8531619-EDB7-328F-B192-E55496BCD19F}
	EndProjectSection
EndProject
Project("{8BC9CEB8-8B4A-11D0-8D11-00A0C91BC942}") = "libprotoc", "libprotoc.vcxproj", "{F9A30905-0E13-338E-A798-E63D4B25D746}"
	ProjectSection(ProjectDependencies) = postProject
		{F8531619-EDB7-328F-B192-E55496BCD19F} = {F8531619-EDB7-328F-B192-E55496BCD19F}
		{C9E1E361-9B3F-3C98-9796-09AE27B01800} = {C9E1E361-9B3F-3C98-9796-09AE27B01800}
		{B243CF89-6E8E-39AD-9FD2-5A43DF4CCE9C} = {B243CF89-6E8E-39AD-9FD2-5A43DF4CCE9C}
	EndProjectSection
EndProject
Project("{8BC9CEB8-8B4A-11D0-8D11-00A0C91BC942}") = "lite-arena-test", "lite-arena-test.vcxproj", "{6B3B52DB-D3AB-323A-8BD3-A295B31644E1}"
	ProjectSection(ProjectDependencies) = postProject
		{F8531619-EDB7-328F-B192-E55496BCD19F} = {F8531619-EDB7-328F-B192-E55496BCD19F}
		{45C7AF3D-8125-369E-B14D-F631732CFED9} = {45C7AF3D-8125-369E-B14D-F631732CFED9}
		{95E60343-5FD8-3EA1-AE97-106EFEAE3B26} = {95E60343-5FD8-3EA1-AE97-106EFEAE3B26}
		{A83274B7-AFFF-3656-BD1E-655DCC03F3C8} = {A83274B7-AFFF-3656-BD1E-655DCC03F3C8}
		{2CFF5028-A9D0-3B00-BA13-60ACF2804B3F} = {2CFF5028-A9D0-3B00-BA13-60ACF2804B3F}
	EndProjectSection
EndProject
Project("{8BC9CEB8-8B4A-11D0-8D11-00A0C91BC942}") = "lite-test", "lite-test.vcxproj", "{9AC5490D-2457-3298-880D-23EEBE79EB93}"
	ProjectSection(ProjectDependencies) = postProject
		{F8531619-EDB7-328F-B192-E55496BCD19F} = {F8531619-EDB7-328F-B192-E55496BCD19F}
		{45C7AF3D-8125-369E-B14D-F631732CFED9} = {45C7AF3D-8125-369E-B14D-F631732CFED9}
		{95E60343-5FD8-3EA1-AE97-106EFEAE3B26} = {95E60343-5FD8-3EA1-AE97-106EFEAE3B26}
		{A83274B7-AFFF-3656-BD1E-655DCC03F3C8} = {A83274B7-AFFF-3656-BD1E-655DCC03F3C8}
		{2CFF5028-A9D0-3B00-BA13-60ACF2804B3F} = {2CFF5028-A9D0-3B00-BA13-60ACF2804B3F}
	EndProjectSection
EndProject
Project("{8BC9CEB8-8B4A-11D0-8D11-00A0C91BC942}") = "protoc", "protoc.vcxproj", "{2CFF5028-A9D0-3B00-BA13-60ACF2804B3F}"
	ProjectSection(ProjectDependencies) = postProject
		{F8531619-EDB7-328F-B192-E55496BCD19F} = {F8531619-EDB7-328F-B192-E55496BCD19F}
		{B243CF89-6E8E-39AD-9FD2-5A43DF4CCE9C} = {B243CF89-6E8E-39AD-9FD2-5A43DF4CCE9C}
		{F9A30905-0E13-338E-A798-E63D4B25D746} = {F9A30905-0E13-338E-A798-E63D4B25D746}
	EndProjectSection
EndProject
Project("{8BC9CEB8-8B4A-11D0-8D11-00A0C91BC942}") = "test_plugin", "test_plugin.vcxproj", "{9FA1345A-FF7D-308F-A37E-9981C7B7F1F2}"
	ProjectSection(ProjectDependencies) = postProject
		{F8531619-EDB7-328F-B192-E55496BCD19F} = {F8531619-EDB7-328F-B192-E55496BCD19F}
		{45C7AF3D-8125-369E-B14D-F631732CFED9} = {45C7AF3D-8125-369E-B14D-F631732CFED9}
		{B243CF89-6E8E-39AD-9FD2-5A43DF4CCE9C} = {B243CF89-6E8E-39AD-9FD2-5A43DF4CCE9C}
		{F9A30905-0E13-338E-A798-E63D4B25D746} = {F9A30905-0E13-338E-A798-E63D4B25D746}
	EndProjectSection
EndProject
Project("{8BC9CEB8-8B4A-11D0-8D11-00A0C91BC942}") = "tests", "tests.vcxproj", "{1FC50AF6-F7C9-3216-B3D8-289E44D9005D}"
	ProjectSection(ProjectDependencies) = postProject
		{F8531619-EDB7-328F-B192-E55496BCD19F} = {F8531619-EDB7-328F-B192-E55496BCD19F}
		{45C7AF3D-8125-369E-B14D-F631732CFED9} = {45C7AF3D-8125-369E-B14D-F631732CFED9}
		{95E60343-5FD8-3EA1-AE97-106EFEAE3B26} = {95E60343-5FD8-3EA1-AE97-106EFEAE3B26}
		{B243CF89-6E8E-39AD-9FD2-5A43DF4CCE9C} = {B243CF89-6E8E-39AD-9FD2-5A43DF4CCE9C}
		{F9A30905-0E13-338E-A798-E63D4B25D746} = {F9A30905-0E13-338E-A798-E63D4B25D746}
		{2CFF5028-A9D0-3B00-BA13-60ACF2804B3F} = {2CFF5028-A9D0-3B00-BA13-60ACF2804B3F}
	EndProjectSection
EndProject
Global
	GlobalSection(SolutionConfigurationPlatforms) = preSolution
		Debug|Win32 = Debug|Win32
		Release|Win32 = Release|Win32
		MinSizeRel|Win32 = MinSizeRel|Win32
		RelWithDebInfo|Win32 = RelWithDebInfo|Win32
	EndGlobalSection
	GlobalSection(ProjectConfigurationPlatforms) = postSolution
		{4C81F71C-2948-3C24-9042-0893C5DA6A5F}.Debug|Win32.ActiveCfg = Debug|Win32
		{4C81F71C-2948-3C24-9042-0893C5DA6A5F}.Debug|Win32.Build.0 = Debug|Win32
		{4C81F71C-2948-3C24-9042-0893C5DA6A5F}.Release|Win32.ActiveCfg = Release|Win32
		{4C81F71C-2948-3C24-9042-0893C5DA6A5F}.Release|Win32.Build.0 = Release|Win32
		{4C81F71C-2948-3C24-9042-0893C5DA6A5F}.MinSizeRel|Win32.ActiveCfg = MinSizeRel|Win32
		{4C81F71C-2948-3C24-9042-0893C5DA6A5F}.MinSizeRel|Win32.Build.0 = MinSizeRel|Win32
		{4C81F71C-2948-3C24-9042-0893C5DA6A5F}.RelWithDebInfo|Win32.ActiveCfg = RelWithDebInfo|Win32
		{4C81F71C-2948-3C24-9042-0893C5DA6A5F}.RelWithDebInfo|Win32.Build.0 = RelWithDebInfo|Win32
		{09165BDB-71F4-3718-BB95-6F65B27C175C}.Debug|Win32.ActiveCfg = Debug|Win32
		{09165BDB-71F4-3718-BB95-6F65B27C175C}.Release|Win32.ActiveCfg = Release|Win32
		{09165BDB-71F4-3718-BB95-6F65B27C175C}.MinSizeRel|Win32.ActiveCfg = MinSizeRel|Win32
		{09165BDB-71F4-3718-BB95-6F65B27C175C}.RelWithDebInfo|Win32.ActiveCfg = RelWithDebInfo|Win32
		{F8531619-EDB7-328F-B192-E55496BCD19F}.Debug|Win32.ActiveCfg = Debug|Win32
		{F8531619-EDB7-328F-B192-E55496BCD19F}.Debug|Win32.Build.0 = Debug|Win32
		{F8531619-EDB7-328F-B192-E55496BCD19F}.Release|Win32.ActiveCfg = Release|Win32
		{F8531619-EDB7-328F-B192-E55496BCD19F}.Release|Win32.Build.0 = Release|Win32
		{F8531619-EDB7-328F-B192-E55496BCD19F}.MinSizeRel|Win32.ActiveCfg = MinSizeRel|Win32
		{F8531619-EDB7-328F-B192-E55496BCD19F}.MinSizeRel|Win32.Build.0 = MinSizeRel|Win32
		{F8531619-EDB7-328F-B192-E55496BCD19F}.RelWithDebInfo|Win32.ActiveCfg = RelWithDebInfo|Win32
		{F8531619-EDB7-328F-B192-E55496BCD19F}.RelWithDebInfo|Win32.Build.0 = RelWithDebInfo|Win32
		{31B772C9-BCC7-3934-A7E8-D685A1E969BC}.Debug|Win32.ActiveCfg = Debug|Win32
		{31B772C9-BCC7-3934-A7E8-D685A1E969BC}.Release|Win32.ActiveCfg = Release|Win32
		{31B772C9-BCC7-3934-A7E8-D685A1E969BC}.MinSizeRel|Win32.ActiveCfg = MinSizeRel|Win32
		{31B772C9-BCC7-3934-A7E8-D685A1E969BC}.RelWithDebInfo|Win32.ActiveCfg = RelWithDebInfo|Win32
		{45C7AF3D-8125-369E-B14D-F631732CFED9}.Debug|Win32.ActiveCfg = Debug|Win32
		{45C7AF3D-8125-369E-B14D-F631732CFED9}.Debug|Win32.Build.0 = Debug|Win32
		{45C7AF3D-8125-369E-B14D-F631732CFED9}.Release|Win32.ActiveCfg = Release|Win32
		{45C7AF3D-8125-369E-B14D-F631732CFED9}.Release|Win32.Build.0 = Release|Win32
		{45C7AF3D-8125-369E-B14D-F631732CFED9}.MinSizeRel|Win32.ActiveCfg = MinSizeRel|Win32
		{45C7AF3D-8125-369E-B14D-F631732CFED9}.MinSizeRel|Win32.Build.0 = MinSizeRel|Win32
		{45C7AF3D-8125-369E-B14D-F631732CFED9}.RelWithDebInfo|Win32.ActiveCfg = RelWithDebInfo|Win32
		{45C7AF3D-8125-369E-B14D-F631732CFED9}.RelWithDebInfo|Win32.Build.0 = RelWithDebInfo|Win32
		{95E60343-5FD8-3EA1-AE97-106EFEAE3B26}.Debug|Win32.ActiveCfg = Debug|Win32
		{95E60343-5FD8-3EA1-AE97-106EFEAE3B26}.Debug|Win32.Build.0 = Debug|Win32
		{95E60343-5FD8-3EA1-AE97-106EFEAE3B26}.Release|Win32.ActiveCfg = Release|Win32
		{95E60343-5FD8-3EA1-AE97-106EFEAE3B26}.Release|Win32.Build.0 = Release|Win32
		{95E60343-5FD8-3EA1-AE97-106EFEAE3B26}.MinSizeRel|Win32.ActiveCfg = MinSizeRel|Win32
		{95E60343-5FD8-3EA1-AE97-106EFEAE3B26}.MinSizeRel|Win32.Build.0 = MinSizeRel|Win32
		{95E60343-5FD8-3EA1-AE97-106EFEAE3B26}.RelWithDebInfo|Win32.ActiveCfg = RelWithDebInfo|Win32
		{95E60343-5FD8-3EA1-AE97-106EFEAE3B26}.RelWithDebInfo|Win32.Build.0 = RelWithDebInfo|Win32
		{C9E1E361-9B3F-3C98-9796-09AE27B01800}.Debug|Win32.ActiveCfg = Debug|Win32
		{C9E1E361-9B3F-3C98-9796-09AE27B01800}.Debug|Win32.Build.0 = Debug|Win32
		{C9E1E361-9B3F-3C98-9796-09AE27B01800}.Release|Win32.ActiveCfg = Release|Win32
		{C9E1E361-9B3F-3C98-9796-09AE27B01800}.Release|Win32.Build.0 = Release|Win32
		{C9E1E361-9B3F-3C98-9796-09AE27B01800}.MinSizeRel|Win32.ActiveCfg = MinSizeRel|Win32
		{C9E1E361-9B3F-3C98-9796-09AE27B01800}.MinSizeRel|Win32.Build.0 = MinSizeRel|Win32
		{C9E1E361-9B3F-3C98-9796-09AE27B01800}.RelWithDebInfo|Win32.ActiveCfg = RelWithDebInfo|Win32
		{C9E1E361-9B3F-3C98-9796-09AE27B01800}.RelWithDebInfo|Win32.Build.0 = RelWithDebInfo|Win32
		{B243CF89-6E8E-39AD-9FD2-5A43DF4CCE9C}.Debug|Win32.ActiveCfg = Debug|Win32
		{B243CF89-6E8E-39AD-9FD2-5A43DF4CCE9C}.Debug|Win32.Build.0 = Debug|Win32
		{B243CF89-6E8E-39AD-9FD2-5A43DF4CCE9C}.Release|Win32.ActiveCfg = Release|Win32
		{B243CF89-6E8E-39AD-9FD2-5A43DF4CCE9C}.Release|Win32.Build.0 = Release|Win32
		{B243CF89-6E8E-39AD-9FD2-5A43DF4CCE9C}.MinSizeRel|Win32.ActiveCfg = MinSizeRel|Win32
		{B243CF89-6E8E-39AD-9FD2-5A43DF4CCE9C}.MinSizeRel|Win32.Build.0 = MinSizeRel|Win32
		{B243CF89-6E8E-39AD-9FD2-5A43DF4CCE9C}.RelWithDebInfo|Win32.ActiveCfg = RelWithDebInfo|Win32
		{B243CF89-6E8E-39AD-9FD2-5A43DF4CCE9C}.RelWithDebInfo|Win32.Build.0 = RelWithDebInfo|Win32
		{A83274B7-AFFF-3656-BD1E-655DCC03F3C8}.Debug|Win32.ActiveCfg = Debug|Win32
		{A83274B7-AFFF-3656-BD1E-655DCC03F3C8}.Debug|Win32.Build.0 = Debug|Win32
		{A83274B7-AFFF-3656-BD1E-655DCC03F3C8}.Release|Win32.ActiveCfg = Release|Win32
		{A83274B7-AFFF-3656-BD1E-655DCC03F3C8}.Release|Win32.Build.0 = Release|Win32
		{A83274B7-AFFF-3656-BD1E-655DCC03F3C8}.MinSizeRel|Win32.ActiveCfg = MinSizeRel|Win32
		{A83274B7-AFFF-3656-BD1E-655DCC03F3C8}.MinSizeRel|Win32.Build.0 = MinSizeRel|Win32
		{A83274B7-AFFF-3656-BD1E-655DCC03F3C8}.RelWithDebInfo|Win32.ActiveCfg = RelWithDebInfo|Win32
		{A83274B7-AFFF-3656-BD1E-655DCC03F3C8}.RelWithDebInfo|Win32.Build.0 = RelWithDebInfo|Win32
		{F9A30905-0E13-338E-A798-E63D4B25D746}.Debug|Win32.ActiveCfg = Debug|Win32
		{F9A30905-0E13-338E-A798-E63D4B25D746}.Debug|Win32.Build.0 = Debug|Win32
		{F9A30905-0E13-338E-A798-E63D4B25D746}.Release|Win32.ActiveCfg = Release|Win32
		{F9A30905-0E13-338E-A798-E63D4B25D746}.Release|Win32.Build.0 = Release|Win32
		{F9A30905-0E13-338E-A798-E63D4B25D746}.MinSizeRel|Win32.ActiveCfg = MinSizeRel|Win32
		{F9A30905-0E13-338E-A798-E63D4B25D746}.MinSizeRel|Win32.Build.0 = MinSizeRel|Win32
		{F9A30905-0E13-338E-A798-E63D4B25D746}.RelWithDebInfo|Win32.ActiveCfg = RelWithDebInfo|Win32
		{F9A30905-0E13-338E-A798-E63D4B25D746}.RelWithDebInfo|Win32.Build.0 = RelWithDebInfo|Win32
		{6B3B52DB-D3AB-323A-8BD3-A295B31644E1}.Debug|Win32.ActiveCfg = Debug|Win32
		{6B3B52DB-D3AB-323A-8BD3-A295B31644E1}.Debug|Win32.Build.0 = Debug|Win32
		{6B3B52DB-D3AB-323A-8BD3-A295B31644E1}.Release|Win32.ActiveCfg = Release|Win32
		{6B3B52DB-D3AB-323A-8BD3-A295B31644E1}.Release|Win32.Build.0 = Release|Win32
		{6B3B52DB-D3AB-323A-8BD3-A295B31644E1}.MinSizeRel|Win32.ActiveCfg = MinSizeRel|Win32
		{6B3B52DB-D3AB-323A-8BD3-A295B31644E1}.MinSizeRel|Win32.Build.0 = MinSizeRel|Win32
		{6B3B52DB-D3AB-323A-8BD3-A295B31644E1}.RelWithDebInfo|Win32.ActiveCfg = RelWithDebInfo|Win32
		{6B3B52DB-D3AB-323A-8BD3-A295B31644E1}.RelWithDebInfo|Win32.Build.0 = RelWithDebInfo|Win32
		{9AC5490D-2457-3298-880D-23EEBE79EB93}.Debug|Win32.ActiveCfg = Debug|Win32
		{9AC5490D-2457-3298-880D-23EEBE79EB93}.Debug|Win32.Build.0 = Debug|Win32
		{9AC5490D-2457-3298-880D-23EEBE79EB93}.Release|Win32.ActiveCfg = Release|Win32
		{9AC5490D-2457-3298-880D-23EEBE79EB93}.Release|Win32.Build.0 = Release|Win32
		{9AC5490D-2457-3298-880D-23EEBE79EB93}.MinSizeRel|Win32.ActiveCfg = MinSizeRel|Win32
		{9AC5490D-2457-3298-880D-23EEBE79EB93}.MinSizeRel|Win32.Build.0 = MinSizeRel|Win32
		{9AC5490D-2457-3298-880D-23EEBE79EB93}.RelWithDebInfo|Win32.ActiveCfg = RelWithDebInfo|Win32
		{9AC5490D-2457-3298-880D-23EEBE79EB93}.RelWithDebInfo|Win32.Build.0 = RelWithDebInfo|Win32
		{2CFF5028-A9D0-3B00-BA13-60ACF2804B3F}.Debug|Win32.ActiveCfg = Debug|Win32
		{2CFF5028-A9D0-3B00-BA13-60ACF2804B3F}.Debug|Win32.Build.0 = Debug|Win32
		{2CFF5028-A9D0-3B00-BA13-60ACF2804B3F}.Release|Win32.ActiveCfg = Release|Win32
		{2CFF5028-A9D0-3B00-BA13-60ACF2804B3F}.Release|Win32.Build.0 = Release|Win32
		{2CFF5028-A9D0-3B00-BA13-60ACF2804B3F}.MinSizeRel|Win32.ActiveCfg = MinSizeRel|Win32
		{2CFF5028-A9D0-3B00-BA13-60ACF2804B3F}.MinSizeRel|Win32.Build.0 = MinSizeRel|Win32
		{2CFF5028-A9D0-3B00-BA13-60ACF2804B3F}.RelWithDebInfo|Win32.ActiveCfg = RelWithDebInfo|Win32
		{2CFF5028-A9D0-3B00-BA13-60ACF2804B3F}.RelWithDebInfo|Win32.Build.0 = RelWithDebInfo|Win32
		{9FA1345A-FF7D-308F-A37E-9981C7B7F1F2}.Debug|Win32.ActiveCfg = Debug|Win32
		{9FA1345A-FF7D-308F-A37E-9981C7B7F1F2}.Debug|Win32.Build.0 = Debug|Win32
		{9FA1345A-FF7D-308F-A37E-9981C7B7F1F2}.Release|Win32.ActiveCfg = Release|Win32
		{9FA1345A-FF7D-308F-A37E-9981C7B7F1F2}.Release|Win32.Build.0 = Release|Win32
		{9FA1345A-FF7D-308F-A37E-9981C7B7F1F2}.MinSizeRel|Win32.ActiveCfg = MinSizeRel|Win32
		{9FA1345A-FF7D-308F-A37E-9981C7B7F1F2}.MinSizeRel|Win32.Build.0 = MinSizeRel|Win32
		{9FA1345A-FF7D-308F-A37E-9981C7B7F1F2}.RelWithDebInfo|Win32.ActiveCfg = RelWithDebInfo|Win32
		{9FA1345A-FF7D-308F-A37E-9981C7B7F1F2}.RelWithDebInfo|Win32.Build.0 = RelWithDebInfo|Win32
		{1FC50AF6-F7C9-3216-B3D8-289E44D9005D}.Debug|Win32.ActiveCfg = Debug|Win32
		{1FC50AF6-F7C9-3216-B3D8-289E44D9005D}.Debug|Win32.Build.0 = Debug|Win32
		{1FC50AF6-F7C9-3216-B3D8-289E44D9005D}.Release|Win32.ActiveCfg = Release|Win32
		{1FC50AF6-F7C9-3216-B3D8-289E44D9005D}.Release|Win32.Build.0 = Release|Win32
		{1FC50AF6-F7C9-3216-B3D8-289E44D9005D}.MinSizeRel|Win32.ActiveCfg = MinSizeRel|Win32
		{1FC50AF6-F7C9-3216-B3D8-289E44D9005D}.MinSizeRel|Win32.Build.0 = MinSizeRel|Win32
		{1FC50AF6-F7C9-3216-B3D8-289E44D9005D}.RelWithDebInfo|Win32.ActiveCfg = RelWithDebInfo|Win32
		{1FC50AF6-F7C9-3216-B3D8-289E44D9005D}.RelWithDebInfo|Win32.Build.0 = RelWithDebInfo|Win32
	EndGlobalSection
	GlobalSection(ExtensibilityGlobals) = postSolution
		SolutionGuid = {F26E64AF-3865-3DB7-BD04-96F63C4C9C4E}
	EndGlobalSection
	GlobalSection(ExtensibilityAddIns) = postSolution
	EndGlobalSection
EndGlobal
