<?xml version="1.0" encoding="UTF-8"?>
<Project ToolsVersion="12.0" xmlns="http://schemas.microsoft.com/developer/msbuild/2003">
  <ItemGroup>
    <CustomBuild Include="C:\Users\b\Desktop\code\protojson\protojson\protobuf-3.3.0\cmake\CMakeFiles\e8ce2e1da09892e850b34e1ce2e743f6\generate.stamp.rule">
      <Filter>CMake Rules</Filter>
    </CustomBuild>
  </ItemGroup>
  <ItemGroup>
    <Filter Include="CMake Rules">
      <UniqueIdentifier>{2EA016B2-9DF4-3DF3-8834-A968392651BB}</UniqueIdentifier>
    </Filter>
  </ItemGroup>
</Project>
